// !$*UTF8*$!
{
	archiveVersion = 1;
	classes = {
	};
	objectVersion = 46;
	objects = {

/* Begin PBXBuildFile section */
		895E33681D4F5A390036450E /* mapapi.bundle in Resources */ = {isa = PBXBuildFile; fileRef = 895E33671D4F5A390036450E /* mapapi.bundle */; };
		895E33701D4F5A610036450E /* BaiduMapAPI_Base.framework in Frameworks */ = {isa = PBXBuildFile; fileRef = 895E33691D4F5A610036450E /* BaiduMapAPI_Base.framework */; };
		895E33711D4F5A610036450E /* BaiduMapAPI_Cloud.framework in Frameworks */ = {isa = PBXBuildFile; fileRef = 895E336A1D4F5A610036450E /* BaiduMapAPI_Cloud.framework */; };
		895E33721D4F5A610036450E /* BaiduMapAPI_Location.framework in Frameworks */ = {isa = PBXBuildFile; fileRef = 895E336B1D4F5A610036450E /* BaiduMapAPI_Location.framework */; };
		895E33731D4F5A610036450E /* BaiduMapAPI_Map.framework in Frameworks */ = {isa = PBXBuildFile; fileRef = 895E336C1D4F5A610036450E /* BaiduMapAPI_Map.framework */; };
		895E33741D4F5A610036450E /* BaiduMapAPI_Radar.framework in Frameworks */ = {isa = PBXBuildFile; fileRef = 895E336D1D4F5A610036450E /* BaiduMapAPI_Radar.framework */; };
		895E33751D4F5A610036450E /* BaiduMapAPI_Search.framework in Frameworks */ = {isa = PBXBuildFile; fileRef = 895E336E1D4F5A610036450E /* BaiduMapAPI_Search.framework */; };
		895E33761D4F5A610036450E /* BaiduMapAPI_Utils.framework in Frameworks */ = {isa = PBXBuildFile; fileRef = 895E336F1D4F5A610036450E /* BaiduMapAPI_Utils.framework */; };
		89D28BAA1E1DDC7D00842B70 /* LLBaiDuMapGeoCodeSerachTool.m in Sources */ = {isa = PBXBuildFile; fileRef = 89D28BA91E1DDC7D00842B70 /* LLBaiDuMapGeoCodeSerachTool.m */; };
		89E59A1C1D4B4E6900DBB7E0 /* main.m in Sources */ = {isa = PBXBuildFile; fileRef = 89E59A1B1D4B4E6900DBB7E0 /* main.m */; };
		89E59A1F1D4B4E6900DBB7E0 /* AppDelegate.m in Sources */ = {isa = PBXBuildFile; fileRef = 89E59A1E1D4B4E6900DBB7E0 /* AppDelegate.m */; };
		89E59A221D4B4E6900DBB7E0 /* ViewController.m in Sources */ = {isa = PBXBuildFile; fileRef = 89E59A211D4B4E6900DBB7E0 /* ViewController.m */; };
		89E59A251D4B4E6900DBB7E0 /* Main.storyboard in Resources */ = {isa = PBXBuildFile; fileRef = 89E59A231D4B4E6900DBB7E0 /* Main.storyboard */; };
		89E59A271D4B4E6900DBB7E0 /* Assets.xcassets in Resources */ = {isa = PBXBuildFile; fileRef = 89E59A261D4B4E6900DBB7E0 /* Assets.xcassets */; };
		89E59A2A1D4B4E6900DBB7E0 /* LaunchScreen.storyboard in Resources */ = {isa = PBXBuildFile; fileRef = 89E59A281D4B4E6900DBB7E0 /* LaunchScreen.storyboard */; };
		89E59A351D4B4E6900DBB7E0 /* LLBaiDuMapToolTests.m in Sources */ = {isa = PBXBuildFile; fileRef = 89E59A341D4B4E6900DBB7E0 /* LLBaiDuMapToolTests.m */; };
		89E59A401D4B4E6900DBB7E0 /* LLBaiDuMapToolUITests.m in Sources */ = {isa = PBXBuildFile; fileRef = 89E59A3F1D4B4E6900DBB7E0 /* LLBaiDuMapToolUITests.m */; };
		89E59A651D4B50C500DBB7E0 /* LLBaiDuMapTool.m in Sources */ = {isa = PBXBuildFile; fileRef = 89E59A641D4B50C500DBB7E0 /* LLBaiDuMapTool.m */; };
		89E59A681D4B50D200DBB7E0 /* MyUtility.m in Sources */ = {isa = PBXBuildFile; fileRef = 89E59A671D4B50D200DBB7E0 /* MyUtility.m */; };
		89E59A6C1D4B50FD00DBB7E0 /* CustomBuddleView.m in Sources */ = {isa = PBXBuildFile; fileRef = 89E59A6B1D4B50FD00DBB7E0 /* CustomBuddleView.m */; };
		89E59A731D4B511000DBB7E0 /* dingwei2@2x.png in Resources */ = {isa = PBXBuildFile; fileRef = 89E59A6D1D4B511000DBB7E0 /* dingwei2@2x.png */; };
		89E59A741D4B511000DBB7E0 /* ditu@2x.png in Resources */ = {isa = PBXBuildFile; fileRef = 89E59A6E1D4B511000DBB7E0 /* ditu@2x.png */; };
		89E59A751D4B511000DBB7E0 /* jia@2x.png in Resources */ = {isa = PBXBuildFile; fileRef = 89E59A6F1D4B511000DBB7E0 /* jia@2x.png */; };
		89E59A761D4B511000DBB7E0 /* jian@2x.png in Resources */ = {isa = PBXBuildFile; fileRef = 89E59A701D4B511000DBB7E0 /* jian@2x.png */; };
		89E59A771D4B511000DBB7E0 /* test2.png in Resources */ = {isa = PBXBuildFile; fileRef = 89E59A711D4B511000DBB7E0 /* test2.png */; };
		89E59A781D4B511000DBB7E0 /* weibo-lan.png in Resources */ = {isa = PBXBuildFile; fileRef = 89E59A721D4B511000DBB7E0 /* weibo-lan.png */; };
		89E59A7C1D4B514300DBB7E0 /* CoreTelephony.framework in Frameworks */ = {isa = PBXBuildFile; fileRef = 89E59A7B1D4B514300DBB7E0 /* CoreTelephony.framework */; };
		89E59A7E1D4B514D00DBB7E0 /* libsqlite3.tbd in Frameworks */ = {isa = PBXBuildFile; fileRef = 89E59A7D1D4B514D00DBB7E0 /* libsqlite3.tbd */; };
		89E59A801D4B515E00DBB7E0 /* libstdc++.6.tbd in Frameworks */ = {isa = PBXBuildFile; fileRef = 89E59A7F1D4B515E00DBB7E0 /* libstdc++.6.tbd */; };
		89E59A821D4B516700DBB7E0 /* QuartzCore.framework in Frameworks */ = {isa = PBXBuildFile; fileRef = 89E59A811D4B516700DBB7E0 /* QuartzCore.framework */; };
		89E59A841D4B517000DBB7E0 /* OpenGLES.framework in Frameworks */ = {isa = PBXBuildFile; fileRef = 89E59A831D4B517000DBB7E0 /* OpenGLES.framework */; };
		89E59A861D4B517900DBB7E0 /* CoreGraphics.framework in Frameworks */ = {isa = PBXBuildFile; fileRef = 89E59A851D4B517900DBB7E0 /* CoreGraphics.framework */; };
		89E59A881D4B517F00DBB7E0 /* Security.framework in Frameworks */ = {isa = PBXBuildFile; fileRef = 89E59A871D4B517F00DBB7E0 /* Security.framework */; };
		89E59A8A1D4B518600DBB7E0 /* CoreLocation.framework in Frameworks */ = {isa = PBXBuildFile; fileRef = 89E59A891D4B518600DBB7E0 /* CoreLocation.framework */; };
		89E59A8C1D4B525F00DBB7E0 /* SystemConfiguration.framework in Frameworks */ = {isa = PBXBuildFile; fileRef = 89E59A8B1D4B525F00DBB7E0 /* SystemConfiguration.framework */; };
/* End PBXBuildFile section */

/* Begin PBXContainerItemProxy section */
		89E59A311D4B4E6900DBB7E0 /* PBXContainerItemProxy */ = {
			isa = PBXContainerItemProxy;
			containerPortal = 89E59A0F1D4B4E6900DBB7E0 /* Project object */;
			proxyType = 1;
			remoteGlobalIDString = 89E59A161D4B4E6900DBB7E0;
			remoteInfo = LLBaiDuMapTool;
		};
		89E59A3C1D4B4E6900DBB7E0 /* PBXContainerItemProxy */ = {
			isa = PBXContainerItemProxy;
			containerPortal = 89E59A0F1D4B4E6900DBB7E0 /* Project object */;
			proxyType = 1;
			remoteGlobalIDString = 89E59A161D4B4E6900DBB7E0;
			remoteInfo = LLBaiDuMapTool;
		};
/* End PBXContainerItemProxy section */

/* Begin PBXFileReference section */
		895E33671D4F5A390036450E /* mapapi.bundle */ = {isa = PBXFileReference; lastKnownFileType = "wrapper.plug-in"; path = mapapi.bundle; sourceTree = "<group>"; };
		895E33691D4F5A610036450E /* BaiduMapAPI_Base.framework */ = {isa = PBXFileReference; lastKnownFileType = wrapper.framework; path = BaiduMapAPI_Base.framework; sourceTree = "<group>"; };
		895E336A1D4F5A610036450E /* BaiduMapAPI_Cloud.framework */ = {isa = PBXFileReference; lastKnownFileType = wrapper.framework; path = BaiduMapAPI_Cloud.framework; sourceTree = "<group>"; };
		895E336B1D4F5A610036450E /* BaiduMapAPI_Location.framework */ = {isa = PBXFileReference; lastKnownFileType = wrapper.framework; path = BaiduMapAPI_Location.framework; sourceTree = "<group>"; };
		895E336C1D4F5A610036450E /* BaiduMapAPI_Map.framework */ = {isa = PBXFileReference; lastKnownFileType = wrapper.framework; path = BaiduMapAPI_Map.framework; sourceTree = "<group>"; };
		895E336D1D4F5A610036450E /* BaiduMapAPI_Radar.framework */ = {isa = PBXFileReference; lastKnownFileType = wrapper.framework; path = BaiduMapAPI_Radar.framework; sourceTree = "<group>"; };
		895E336E1D4F5A610036450E /* BaiduMapAPI_Search.framework */ = {isa = PBXFileReference; lastKnownFileType = wrapper.framework; path = BaiduMapAPI_Search.framework; sourceTree = "<group>"; };
		895E336F1D4F5A610036450E /* BaiduMapAPI_Utils.framework */ = {isa = PBXFileReference; lastKnownFileType = wrapper.framework; path = BaiduMapAPI_Utils.framework; sourceTree = "<group>"; };
		89D28BA81E1DDC7D00842B70 /* LLBaiDuMapGeoCodeSerachTool.h */ = {isa = PBXFileReference; fileEncoding = 4; lastKnownFileType = sourcecode.c.h; path = LLBaiDuMapGeoCodeSerachTool.h; sourceTree = "<group>"; };
		89D28BA91E1DDC7D00842B70 /* LLBaiDuMapGeoCodeSerachTool.m */ = {isa = PBXFileReference; fileEncoding = 4; lastKnownFileType = sourcecode.c.objc; path = LLBaiDuMapGeoCodeSerachTool.m; sourceTree = "<group>"; };
		89D28BAB1E1DDDFA00842B70 /* ILSingletom.h */ = {isa = PBXFileReference; fileEncoding = 4; lastKnownFileType = sourcecode.c.h; path = ILSingletom.h; sourceTree = "<group>"; };
		89E59A171D4B4E6900DBB7E0 /* LLBaiDuMapTool.app */ = {isa = PBXFileReference; explicitFileType = wrapper.application; includeInIndex = 0; path = LLBaiDuMapTool.app; sourceTree = BUILT_PRODUCTS_DIR; };
		89E59A1B1D4B4E6900DBB7E0 /* main.m */ = {isa = PBXFileReference; lastKnownFileType = sourcecode.c.objc; path = main.m; sourceTree = "<group>"; };
		89E59A1D1D4B4E6900DBB7E0 /* AppDelegate.h */ = {isa = PBXFileReference; lastKnownFileType = sourcecode.c.h; path = AppDelegate.h; sourceTree = "<group>"; };
		89E59A1E1D4B4E6900DBB7E0 /* AppDelegate.m */ = {isa = PBXFileReference; lastKnownFileType = sourcecode.c.objc; path = AppDelegate.m; sourceTree = "<group>"; };
		89E59A201D4B4E6900DBB7E0 /* ViewController.h */ = {isa = PBXFileReference; lastKnownFileType = sourcecode.c.h; path = ViewController.h; sourceTree = "<group>"; };
		89E59A211D4B4E6900DBB7E0 /* ViewController.m */ = {isa = PBXFileReference; lastKnownFileType = sourcecode.c.objc; path = ViewController.m; sourceTree = "<group>"; };
		89E59A241D4B4E6900DBB7E0 /* Base */ = {isa = PBXFileReference; lastKnownFileType = file.storyboard; name = Base; path = Base.lproj/Main.storyboard; sourceTree = "<group>"; };
		89E59A261D4B4E6900DBB7E0 /* Assets.xcassets */ = {isa = PBXFileReference; lastKnownFileType = folder.assetcatalog; path = Assets.xcassets; sourceTree = "<group>"; };
		89E59A291D4B4E6900DBB7E0 /* Base */ = {isa = PBXFileReference; lastKnownFileType = file.storyboard; name = Base; path = Base.lproj/LaunchScreen.storyboard; sourceTree = "<group>"; };
		89E59A2B1D4B4E6900DBB7E0 /* Info.plist */ = {isa = PBXFileReference; lastKnownFileType = text.plist.xml; path = Info.plist; sourceTree = "<group>"; };
		89E59A301D4B4E6900DBB7E0 /* LLBaiDuMapToolTests.xctest */ = {isa = PBXFileReference; explicitFileType = wrapper.cfbundle; includeInIndex = 0; path = LLBaiDuMapToolTests.xctest; sourceTree = BUILT_PRODUCTS_DIR; };
		89E59A341D4B4E6900DBB7E0 /* LLBaiDuMapToolTests.m */ = {isa = PBXFileReference; lastKnownFileType = sourcecode.c.objc; path = LLBaiDuMapToolTests.m; sourceTree = "<group>"; };
		89E59A361D4B4E6900DBB7E0 /* Info.plist */ = {isa = PBXFileReference; lastKnownFileType = text.plist.xml; path = Info.plist; sourceTree = "<group>"; };
		89E59A3B1D4B4E6900DBB7E0 /* LLBaiDuMapToolUITests.xctest */ = {isa = PBXFileReference; explicitFileType = wrapper.cfbundle; includeInIndex = 0; path = LLBaiDuMapToolUITests.xctest; sourceTree = BUILT_PRODUCTS_DIR; };
		89E59A3F1D4B4E6900DBB7E0 /* LLBaiDuMapToolUITests.m */ = {isa = PBXFileReference; lastKnownFileType = sourcecode.c.objc; path = LLBaiDuMapToolUITests.m; sourceTree = "<group>"; };
		89E59A411D4B4E6900DBB7E0 /* Info.plist */ = {isa = PBXFileReference; lastKnownFileType = text.plist.xml; path = Info.plist; sourceTree = "<group>"; };
		89E59A611D4B502D00DBB7E0 /* ZYHTBaiduMap.h */ = {isa = PBXFileReference; fileEncoding = 4; lastKnownFileType = sourcecode.c.h; path = ZYHTBaiduMap.h; sourceTree = "<group>"; };
		89E59A631D4B50C500DBB7E0 /* LLBaiDuMapTool.h */ = {isa = PBXFileReference; fileEncoding = 4; lastKnownFileType = sourcecode.c.h; path = LLBaiDuMapTool.h; sourceTree = "<group>"; };
		89E59A641D4B50C500DBB7E0 /* LLBaiDuMapTool.m */ = {isa = PBXFileReference; fileEncoding = 4; lastKnownFileType = sourcecode.c.objc; path = LLBaiDuMapTool.m; sourceTree = "<group>"; };
		89E59A661D4B50D200DBB7E0 /* MyUtility.h */ = {isa = PBXFileReference; fileEncoding = 4; lastKnownFileType = sourcecode.c.h; path = MyUtility.h; sourceTree = "<group>"; };
		89E59A671D4B50D200DBB7E0 /* MyUtility.m */ = {isa = PBXFileReference; fileEncoding = 4; lastKnownFileType = sourcecode.c.objc; path = MyUtility.m; sourceTree = "<group>"; };
		89E59A691D4B50FD00DBB7E0 /* Constant.h */ = {isa = PBXFileReference; fileEncoding = 4; lastKnownFileType = sourcecode.c.h; path = Constant.h; sourceTree = "<group>"; };
		89E59A6A1D4B50FD00DBB7E0 /* CustomBuddleView.h */ = {isa = PBXFileReference; fileEncoding = 4; lastKnownFileType = sourcecode.c.h; path = CustomBuddleView.h; sourceTree = "<group>"; };
		89E59A6B1D4B50FD00DBB7E0 /* CustomBuddleView.m */ = {isa = PBXFileReference; fileEncoding = 4; lastKnownFileType = sourcecode.c.objc; path = CustomBuddleView.m; sourceTree = "<group>"; };
		89E59A6D1D4B511000DBB7E0 /* dingwei2@2x.png */ = {isa = PBXFileReference; lastKnownFileType = image.png; path = "dingwei2@2x.png"; sourceTree = "<group>"; };
		89E59A6E1D4B511000DBB7E0 /* ditu@2x.png */ = {isa = PBXFileReference; lastKnownFileType = image.png; path = "ditu@2x.png"; sourceTree = "<group>"; };
		89E59A6F1D4B511000DBB7E0 /* jia@2x.png */ = {isa = PBXFileReference; lastKnownFileType = image.png; path = "jia@2x.png"; sourceTree = "<group>"; };
		89E59A701D4B511000DBB7E0 /* jian@2x.png */ = {isa = PBXFileReference; lastKnownFileType = image.png; path = "jian@2x.png"; sourceTree = "<group>"; };
		89E59A711D4B511000DBB7E0 /* test2.png */ = {isa = PBXFileReference; lastKnownFileType = image.png; path = test2.png; sourceTree = "<group>"; };
		89E59A721D4B511000DBB7E0 /* weibo-lan.png */ = {isa = PBXFileReference; lastKnownFileType = image.png; path = "weibo-lan.png"; sourceTree = "<group>"; };
		89E59A7B1D4B514300DBB7E0 /* CoreTelephony.framework */ = {isa = PBXFileReference; lastKnownFileType = wrapper.framework; name = CoreTelephony.framework; path = System/Library/Frameworks/CoreTelephony.framework; sourceTree = SDKROOT; };
		89E59A7D1D4B514D00DBB7E0 /* libsqlite3.tbd */ = {isa = PBXFileReference; lastKnownFileType = "sourcecode.text-based-dylib-definition"; name = libsqlite3.tbd; path = usr/lib/libsqlite3.tbd; sourceTree = SDKROOT; };
		89E59A7F1D4B515E00DBB7E0 /* libstdc++.6.tbd */ = {isa = PBXFileReference; lastKnownFileType = "sourcecode.text-based-dylib-definition"; name = "libstdc++.6.tbd"; path = "usr/lib/libstdc++.6.tbd"; sourceTree = SDKROOT; };
		89E59A811D4B516700DBB7E0 /* QuartzCore.framework */ = {isa = PBXFileReference; lastKnownFileType = wrapper.framework; name = QuartzCore.framework; path = System/Library/Frameworks/QuartzCore.framework; sourceTree = SDKROOT; };
		89E59A831D4B517000DBB7E0 /* OpenGLES.framework */ = {isa = PBXFileReference; lastKnownFileType = wrapper.framework; name = OpenGLES.framework; path = System/Library/Frameworks/OpenGLES.framework; sourceTree = SDKROOT; };
		89E59A851D4B517900DBB7E0 /* CoreGraphics.framework */ = {isa = PBXFileReference; lastKnownFileType = wrapper.framework; name = CoreGraphics.framework; path = System/Library/Frameworks/CoreGraphics.framework; sourceTree = SDKROOT; };
		89E59A871D4B517F00DBB7E0 /* Security.framework */ = {isa = PBXFileReference; lastKnownFileType = wrapper.framework; name = Security.framework; path = System/Library/Frameworks/Security.framework; sourceTree = SDKROOT; };
		89E59A891D4B518600DBB7E0 /* CoreLocation.framework */ = {isa = PBXFileReference; lastKnownFileType = wrapper.framework; name = CoreLocation.framework; path = System/Library/Frameworks/CoreLocation.framework; sourceTree = SDKROOT; };
		89E59A8B1D4B525F00DBB7E0 /* SystemConfiguration.framework */ = {isa = PBXFileReference; lastKnownFileType = wrapper.framework; name = SystemConfiguration.framework; path = System/Library/Frameworks/SystemConfiguration.framework; sourceTree = SDKROOT; };
/* End PBXFileReference section */

/* Begin PBXFrameworksBuildPhase section */
		89E59A141D4B4E6900DBB7E0 /* Frameworks */ = {
			isa = PBXFrameworksBuildPhase;
			buildActionMask = 2147483647;
			files = (
				895E33731D4F5A610036450E /* BaiduMapAPI_Map.framework in Frameworks */,
				89E59A8C1D4B525F00DBB7E0 /* SystemConfiguration.framework in Frameworks */,
				89E59A8A1D4B518600DBB7E0 /* CoreLocation.framework in Frameworks */,
				89E59A881D4B517F00DBB7E0 /* Security.framework in Frameworks */,
				895E33761D4F5A610036450E /* BaiduMapAPI_Utils.framework in Frameworks */,
				89E59A861D4B517900DBB7E0 /* CoreGraphics.framework in Frameworks */,
				89E59A841D4B517000DBB7E0 /* OpenGLES.framework in Frameworks */,
				895E33701D4F5A610036450E /* BaiduMapAPI_Base.framework in Frameworks */,
				89E59A821D4B516700DBB7E0 /* QuartzCore.framework in Frameworks */,
				895E33721D4F5A610036450E /* BaiduMapAPI_Location.framework in Frameworks */,
				895E33741D4F5A610036450E /* BaiduMapAPI_Radar.framework in Frameworks */,
				89E59A801D4B515E00DBB7E0 /* libstdc++.6.tbd in Frameworks */,
				895E33751D4F5A610036450E /* BaiduMapAPI_Search.framework in Frameworks */,
				89E59A7E1D4B514D00DBB7E0 /* libsqlite3.tbd in Frameworks */,
				89E59A7C1D4B514300DBB7E0 /* CoreTelephony.framework in Frameworks */,
				895E33711D4F5A610036450E /* BaiduMapAPI_Cloud.framework in Frameworks */,
			);
			runOnlyForDeploymentPostprocessing = 0;
		};
		89E59A2D1D4B4E6900DBB7E0 /* Frameworks */ = {
			isa = PBXFrameworksBuildPhase;
			buildActionMask = 2147483647;
			files = (
			);
			runOnlyForDeploymentPostprocessing = 0;
		};
		89E59A381D4B4E6900DBB7E0 /* Frameworks */ = {
			isa = PBXFrameworksBuildPhase;
			buildActionMask = 2147483647;
			files = (
			);
			runOnlyForDeploymentPostprocessing = 0;
		};
/* End PBXFrameworksBuildPhase section */

/* Begin PBXGroup section */
		89E59A0E1D4B4E6900DBB7E0 = {
			isa = PBXGroup;
			children = (
				89E59A191D4B4E6900DBB7E0 /* LLBaiDuMapTool */,
				89E59A331D4B4E6900DBB7E0 /* LLBaiDuMapToolTests */,
				89E59A3E1D4B4E6900DBB7E0 /* LLBaiDuMapToolUITests */,
				89E59A181D4B4E6900DBB7E0 /* Products */,
			);
			sourceTree = "<group>";
		};
		89E59A181D4B4E6900DBB7E0 /* Products */ = {
			isa = PBXGroup;
			children = (
				89E59A171D4B4E6900DBB7E0 /* LLBaiDuMapTool.app */,
				89E59A301D4B4E6900DBB7E0 /* LLBaiDuMapToolTests.xctest */,
				89E59A3B1D4B4E6900DBB7E0 /* LLBaiDuMapToolUITests.xctest */,
			);
			name = Products;
			sourceTree = "<group>";
		};
		89E59A191D4B4E6900DBB7E0 /* LLBaiDuMapTool */ = {
			isa = PBXGroup;
			children = (
				89E59A4E1D4B4FD300DBB7E0 /* Sources */,
				89E59A4D1D4B4FCB00DBB7E0 /* Otehrs */,
				89E59A7A1D4B511900DBB7E0 /* Framework */,
				89E59A621D4B50AA00DBB7E0 /* LLBaiDuMapTool */,
				89E59A1D1D4B4E6900DBB7E0 /* AppDelegate.h */,
				89E59A1E1D4B4E6900DBB7E0 /* AppDelegate.m */,
				89E59A201D4B4E6900DBB7E0 /* ViewController.h */,
				89E59A211D4B4E6900DBB7E0 /* ViewController.m */,
				89E59A2B1D4B4E6900DBB7E0 /* Info.plist */,
				89E59A1A1D4B4E6900DBB7E0 /* Supporting Files */,
			);
			path = LLBaiDuMapTool;
			sourceTree = "<group>";
		};
		89E59A1A1D4B4E6900DBB7E0 /* Supporting Files */ = {
			isa = PBXGroup;
			children = (
				89E59A231D4B4E6900DBB7E0 /* Main.storyboard */,
				89E59A261D4B4E6900DBB7E0 /* Assets.xcassets */,
				89E59A281D4B4E6900DBB7E0 /* LaunchScreen.storyboard */,
				89E59A1B1D4B4E6900DBB7E0 /* main.m */,
			);
			name = "Supporting Files";
			sourceTree = "<group>";
		};
		89E59A331D4B4E6900DBB7E0 /* LLBaiDuMapToolTests */ = {
			isa = PBXGroup;
			children = (
				89E59A341D4B4E6900DBB7E0 /* LLBaiDuMapToolTests.m */,
				89E59A361D4B4E6900DBB7E0 /* Info.plist */,
			);
			path = LLBaiDuMapToolTests;
			sourceTree = "<group>";
		};
		89E59A3E1D4B4E6900DBB7E0 /* LLBaiDuMapToolUITests */ = {
			isa = PBXGroup;
			children = (
				89E59A3F1D4B4E6900DBB7E0 /* LLBaiDuMapToolUITests.m */,
				89E59A411D4B4E6900DBB7E0 /* Info.plist */,
			);
			path = LLBaiDuMapToolUITests;
			sourceTree = "<group>";
		};
		89E59A4D1D4B4FCB00DBB7E0 /* Otehrs */ = {
			isa = PBXGroup;
			children = (
				89E59A691D4B50FD00DBB7E0 /* Constant.h */,
				89E59A6A1D4B50FD00DBB7E0 /* CustomBuddleView.h */,
				89E59A6B1D4B50FD00DBB7E0 /* CustomBuddleView.m */,
				89E59A661D4B50D200DBB7E0 /* MyUtility.h */,
				89E59A671D4B50D200DBB7E0 /* MyUtility.m */,
				89D28BAB1E1DDDFA00842B70 /* ILSingletom.h */,
			);
			name = Otehrs;
			sourceTree = "<group>";
		};
		89E59A4E1D4B4FD300DBB7E0 /* Sources */ = {
			isa = PBXGroup;
			children = (
				89E59A6D1D4B511000DBB7E0 /* dingwei2@2x.png */,
				89E59A6E1D4B511000DBB7E0 /* ditu@2x.png */,
				89E59A6F1D4B511000DBB7E0 /* jia@2x.png */,
				89E59A701D4B511000DBB7E0 /* jian@2x.png */,
				89E59A711D4B511000DBB7E0 /* test2.png */,
				89E59A721D4B511000DBB7E0 /* weibo-lan.png */,
				89E59A501D4B4FF600DBB7E0 /* BaiduMap */,
			);
			name = Sources;
			sourceTree = "<group>";
		};
		89E59A501D4B4FF600DBB7E0 /* BaiduMap */ = {
			isa = PBXGroup;
			children = (
				895E33691D4F5A610036450E /* BaiduMapAPI_Base.framework */,
				895E336A1D4F5A610036450E /* BaiduMapAPI_Cloud.framework */,
				895E336B1D4F5A610036450E /* BaiduMapAPI_Location.framework */,
				895E336C1D4F5A610036450E /* BaiduMapAPI_Map.framework */,
				895E336D1D4F5A610036450E /* BaiduMapAPI_Radar.framework */,
				895E336E1D4F5A610036450E /* BaiduMapAPI_Search.framework */,
				895E336F1D4F5A610036450E /* BaiduMapAPI_Utils.framework */,
				895E33671D4F5A390036450E /* mapapi.bundle */,
				89E59A611D4B502D00DBB7E0 /* ZYHTBaiduMap.h */,
			);
			name = BaiduMap;
			sourceTree = "<group>";
		};
		89E59A621D4B50AA00DBB7E0 /* LLBaiDuMapTool */ = {
			isa = PBXGroup;
			children = (
				89E59A631D4B50C500DBB7E0 /* LLBaiDuMapTool.h */,
				89E59A641D4B50C500DBB7E0 /* LLBaiDuMapTool.m */,
				89D28BA81E1DDC7D00842B70 /* LLBaiDuMapGeoCodeSerachTool.h */,
				89D28BA91E1DDC7D00842B70 /* LLBaiDuMapGeoCodeSerachTool.m */,
			);
			name = LLBaiDuMapTool;
			sourceTree = "<group>";
		};
		89E59A7A1D4B511900DBB7E0 /* Framework */ = {
			isa = PBXGroup;
			children = (
				89E59A8B1D4B525F00DBB7E0 /* SystemConfiguration.framework */,
				89E59A891D4B518600DBB7E0 /* CoreLocation.framework */,
				89E59A871D4B517F00DBB7E0 /* Security.framework */,
				89E59A851D4B517900DBB7E0 /* CoreGraphics.framework */,
				89E59A831D4B517000DBB7E0 /* OpenGLES.framework */,
				89E59A811D4B516700DBB7E0 /* QuartzCore.framework */,
				89E59A7F1D4B515E00DBB7E0 /* libstdc++.6.tbd */,
				89E59A7D1D4B514D00DBB7E0 /* libsqlite3.tbd */,
				89E59A7B1D4B514300DBB7E0 /* CoreTelephony.framework */,
			);
			name = Framework;
			sourceTree = "<group>";
		};
/* End PBXGroup section */

/* Begin PBXNativeTarget section */
		89E59A161D4B4E6900DBB7E0 /* LLBaiDuMapTool */ = {
			isa = PBXNativeTarget;
			buildConfigurationList = 89E59A441D4B4E6900DBB7E0 /* Build configuration list for PBXNativeTarget "LLBaiDuMapTool" */;
			buildPhases = (
				89E59A131D4B4E6900DBB7E0 /* Sources */,
				89E59A141D4B4E6900DBB7E0 /* Frameworks */,
				89E59A151D4B4E6900DBB7E0 /* Resources */,
			);
			buildRules = (
			);
			dependencies = (
			);
			name = LLBaiDuMapTool;
			productName = LLBaiDuMapTool;
			productReference = 89E59A171D4B4E6900DBB7E0 /* LLBaiDuMapTool.app */;
			productType = "com.apple.product-type.application";
		};
		89E59A2F1D4B4E6900DBB7E0 /* LLBaiDuMapToolTests */ = {
			isa = PBXNativeTarget;
			buildConfigurationList = 89E59A471D4B4E6900DBB7E0 /* Build configuration list for PBXNativeTarget "LLBaiDuMapToolTests" */;
			buildPhases = (
				89E59A2C1D4B4E6900DBB7E0 /* Sources */,
				89E59A2D1D4B4E6900DBB7E0 /* Frameworks */,
				89E59A2E1D4B4E6900DBB7E0 /* Resources */,
			);
			buildRules = (
			);
			dependencies = (
				89E59A321D4B4E6900DBB7E0 /* PBXTargetDependency */,
			);
			name = LLBaiDuMapToolTests;
			productName = LLBaiDuMapToolTests;
			productReference = 89E59A301D4B4E6900DBB7E0 /* LLBaiDuMapToolTests.xctest */;
			productType = "com.apple.product-type.bundle.unit-test";
		};
		89E59A3A1D4B4E6900DBB7E0 /* LLBaiDuMapToolUITests */ = {
			isa = PBXNativeTarget;
			buildConfigurationList = 89E59A4A1D4B4E6900DBB7E0 /* Build configuration list for PBXNativeTarget "LLBaiDuMapToolUITests" */;
			buildPhases = (
				89E59A371D4B4E6900DBB7E0 /* Sources */,
				89E59A381D4B4E6900DBB7E0 /* Frameworks */,
				89E59A391D4B4E6900DBB7E0 /* Resources */,
			);
			buildRules = (
			);
			dependencies = (
				89E59A3D1D4B4E6900DBB7E0 /* PBXTargetDependency */,
			);
			name = LLBaiDuMapToolUITests;
			productName = LLBaiDuMapToolUITests;
			productReference = 89E59A3B1D4B4E6900DBB7E0 /* LLBaiDuMapToolUITests.xctest */;
			productType = "com.apple.product-type.bundle.ui-testing";
		};
/* End PBXNativeTarget section */

/* Begin PBXProject section */
		89E59A0F1D4B4E6900DBB7E0 /* Project object */ = {
			isa = PBXProject;
			attributes = {
				LastUpgradeCheck = 0730;
				ORGANIZATIONNAME = "李龙";
				TargetAttributes = {
					89E59A161D4B4E6900DBB7E0 = {
						CreatedOnToolsVersion = 7.3;
						DevelopmentTeam = ZHR3SCPQ6E;
					};
					89E59A2F1D4B4E6900DBB7E0 = {
						CreatedOnToolsVersion = 7.3;
						TestTargetID = 89E59A161D4B4E6900DBB7E0;
					};
					89E59A3A1D4B4E6900DBB7E0 = {
						CreatedOnToolsVersion = 7.3;
						TestTargetID = 89E59A161D4B4E6900DBB7E0;
					};
				};
			};
			buildConfigurationList = 89E59A121D4B4E6900DBB7E0 /* Build configuration list for PBXProject "LLBaiDuMapTool" */;
			compatibilityVersion = "Xcode 3.2";
			developmentRegion = English;
			hasScannedForEncodings = 0;
			knownRegions = (
				en,
				Base,
			);
			mainGroup = 89E59A0E1D4B4E6900DBB7E0;
			productRefGroup = 89E59A181D4B4E6900DBB7E0 /* Products */;
			projectDirPath = "";
			projectRoot = "";
			targets = (
				89E59A161D4B4E6900DBB7E0 /* LLBaiDuMapTool */,
				89E59A2F1D4B4E6900DBB7E0 /* LLBaiDuMapToolTests */,
				89E59A3A1D4B4E6900DBB7E0 /* LLBaiDuMapToolUITests */,
			);
		};
/* End PBXProject section */

/* Begin PBXResourcesBuildPhase section */
		89E59A151D4B4E6900DBB7E0 /* Resources */ = {
			isa = PBXResourcesBuildPhase;
			buildActionMask = 2147483647;
			files = (
				89E59A741D4B511000DBB7E0 /* ditu@2x.png in Resources */,
				895E33681D4F5A390036450E /* mapapi.bundle in Resources */,
				89E59A2A1D4B4E6900DBB7E0 /* LaunchScreen.storyboard in Resources */,
				89E59A761D4B511000DBB7E0 /* jian@2x.png in Resources */,
				89E59A781D4B511000DBB7E0 /* weibo-lan.png in Resources */,
				89E59A271D4B4E6900DBB7E0 /* Assets.xcassets in Resources */,
				89E59A731D4B511000DBB7E0 /* dingwei2@2x.png in Resources */,
				89E59A751D4B511000DBB7E0 /* jia@2x.png in Resources */,
				89E59A251D4B4E6900DBB7E0 /* Main.storyboard in Resources */,
				89E59A771D4B511000DBB7E0 /* test2.png in Resources */,
			);
			runOnlyForDeploymentPostprocessing = 0;
		};
		89E59A2E1D4B4E6900DBB7E0 /* Resources */ = {
			isa = PBXResourcesBuildPhase;
			buildActionMask = 2147483647;
			files = (
			);
			runOnlyForDeploymentPostprocessing = 0;
		};
		89E59A391D4B4E6900DBB7E0 /* Resources */ = {
			isa = PBXResourcesBuildPhase;
			buildActionMask = 2147483647;
			files = (
			);
			runOnlyForDeploymentPostprocessing = 0;
		};
/* End PBXResourcesBuildPhase section */

/* Begin PBXSourcesBuildPhase section */
		89E59A131D4B4E6900DBB7E0 /* Sources */ = {
			isa = PBXSourcesBuildPhase;
			buildActionMask = 2147483647;
			files = (
				89E59A651D4B50C500DBB7E0 /* LLBaiDuMapTool.m in Sources */,
				89E59A6C1D4B50FD00DBB7E0 /* CustomBuddleView.m in Sources */,
				89D28BAA1E1DDC7D00842B70 /* LLBaiDuMapGeoCodeSerachTool.m in Sources */,
				89E59A221D4B4E6900DBB7E0 /* ViewController.m in Sources */,
				89E59A681D4B50D200DBB7E0 /* MyUtility.m in Sources */,
				89E59A1F1D4B4E6900DBB7E0 /* AppDelegate.m in Sources */,
				89E59A1C1D4B4E6900DBB7E0 /* main.m in Sources */,
			);
			runOnlyForDeploymentPostprocessing = 0;
		};
		89E59A2C1D4B4E6900DBB7E0 /* Sources */ = {
			isa = PBXSourcesBuildPhase;
			buildActionMask = 2147483647;
			files = (
				89E59A351D4B4E6900DBB7E0 /* LLBaiDuMapToolTests.m in Sources */,
			);
			runOnlyForDeploymentPostprocessing = 0;
		};
		89E59A371D4B4E6900DBB7E0 /* Sources */ = {
			isa = PBXSourcesBuildPhase;
			buildActionMask = 2147483647;
			files = (
				89E59A401D4B4E6900DBB7E0 /* LLBaiDuMapToolUITests.m in Sources */,
			);
			runOnlyForDeploymentPostprocessing = 0;
		};
/* End PBXSourcesBuildPhase section */

/* Begin PBXTargetDependency section */
		89E59A321D4B4E6900DBB7E0 /* PBXTargetDependency */ = {
			isa = PBXTargetDependency;
			target = 89E59A161D4B4E6900DBB7E0 /* LLBaiDuMapTool */;
			targetProxy = 89E59A311D4B4E6900DBB7E0 /* PBXContainerItemProxy */;
		};
		89E59A3D1D4B4E6900DBB7E0 /* PBXTargetDependency */ = {
			isa = PBXTargetDependency;
			target = 89E59A161D4B4E6900DBB7E0 /* LLBaiDuMapTool */;
			targetProxy = 89E59A3C1D4B4E6900DBB7E0 /* PBXContainerItemProxy */;
		};
/* End PBXTargetDependency section */

/* Begin PBXVariantGroup section */
		89E59A231D4B4E6900DBB7E0 /* Main.storyboard */ = {
			isa = PBXVariantGroup;
			children = (
				89E59A241D4B4E6900DBB7E0 /* Base */,
			);
			name = Main.storyboard;
			sourceTree = "<group>";
		};
		89E59A281D4B4E6900DBB7E0 /* LaunchScreen.storyboard */ = {
			isa = PBXVariantGroup;
			children = (
				89E59A291D4B4E6900DBB7E0 /* Base */,
			);
			name = LaunchScreen.storyboard;
			sourceTree = "<group>";
		};
/* End PBXVariantGroup section */

/* Begin XCBuildConfiguration section */
		89E59A421D4B4E6900DBB7E0 /* Debug */ = {
			isa = XCBuildConfiguration;
			buildSettings = {
				ALWAYS_SEARCH_USER_PATHS = NO;
				CLANG_ANALYZER_NONNULL = YES;
				CLANG_CXX_LANGUAGE_STANDARD = "gnu++0x";
				CLANG_CXX_LIBRARY = "libc++";
				CLANG_ENABLE_MODULES = YES;
				CLANG_ENABLE_OBJC_ARC = YES;
				CLANG_WARN_BOOL_CONVERSION = YES;
				CLANG_WARN_CONSTANT_CONVERSION = YES;
				CLANG_WARN_DIRECT_OBJC_ISA_USAGE = YES_ERROR;
				CLANG_WARN_EMPTY_BODY = YES;
				CLANG_WARN_ENUM_CONVERSION = YES;
				CLANG_WARN_INT_CONVERSION = YES;
				CLANG_WARN_OBJC_ROOT_CLASS = YES_ERROR;
				CLANG_WARN_UNREACHABLE_CODE = YES;
				CLANG_WARN__DUPLICATE_METHOD_MATCH = YES;
				"CODE_SIGN_IDENTITY[sdk=iphoneos*]" = "iPhone Developer";
				COPY_PHASE_STRIP = NO;
				DEBUG_INFORMATION_FORMAT = dwarf;
				ENABLE_STRICT_OBJC_MSGSEND = YES;
				ENABLE_TESTABILITY = YES;
				GCC_C_LANGUAGE_STANDARD = gnu99;
				GCC_DYNAMIC_NO_PIC = NO;
				GCC_NO_COMMON_BLOCKS = YES;
				GCC_OPTIMIZATION_LEVEL = 0;
				GCC_PREPROCESSOR_DEFINITIONS = (
					"DEBUG=1",
					"$(inherited)",
				);
				GCC_WARN_64_TO_32_BIT_CONVERSION = YES;
				GCC_WARN_ABOUT_RETURN_TYPE = YES_ERROR;
				GCC_WARN_UNDECLARED_SELECTOR = YES;
				GCC_WARN_UNINITIALIZED_AUTOS = YES_AGGRESSIVE;
				GCC_WARN_UNUSED_FUNCTION = YES;
				GCC_WARN_UNUSED_VARIABLE = YES;
				IPHONEOS_DEPLOYMENT_TARGET = 9.3;
				MTL_ENABLE_DEBUG_INFO = YES;
				ONLY_ACTIVE_ARCH = YES;
				SDKROOT = iphoneos;
				TARGETED_DEVICE_FAMILY = "1,2";
			};
			name = Debug;
		};
		89E59A431D4B4E6900DBB7E0 /* Release */ = {
			isa = XCBuildConfiguration;
			buildSettings = {
				ALWAYS_SEARCH_USER_PATHS = NO;
				CLANG_ANALYZER_NONNULL = YES;
				CLANG_CXX_LANGUAGE_STANDARD = "gnu++0x";
				CLANG_CXX_LIBRARY = "libc++";
				CLANG_ENABLE_MODULES = YES;
				CLANG_ENABLE_OBJC_ARC = YES;
				CLANG_WARN_BOOL_CONVERSION = YES;
				CLANG_WARN_CONSTANT_CONVERSION = YES;
				CLANG_WARN_DIRECT_OBJC_ISA_USAGE = YES_ERROR;
				CLANG_WARN_EMPTY_BODY = YES;
				CLANG_WARN_ENUM_CONVERSION = YES;
				CLANG_WARN_INT_CONVERSION = YES;
				CLANG_WARN_OBJC_ROOT_CLASS = YES_ERROR;
				CLANG_WARN_UNREACHABLE_CODE = YES;
				CLANG_WARN__DUPLICATE_METHOD_MATCH = YES;
				"CODE_SIGN_IDENTITY[sdk=iphoneos*]" = "iPhone Developer";
				COPY_PHASE_STRIP = NO;
				DEBUG_INFORMATION_FORMAT = "dwarf-with-dsym";
				ENABLE_NS_ASSERTIONS = NO;
				ENABLE_STRICT_OBJC_MSGSEND = YES;
				GCC_C_LANGUAGE_STANDARD = gnu99;
				GCC_NO_COMMON_BLOCKS = YES;
				GCC_WARN_64_TO_32_BIT_CONVERSION = YES;
				GCC_WARN_ABOUT_RETURN_TYPE = YES_ERROR;
				GCC_WARN_UNDECLARED_SELECTOR = YES;
				GCC_WARN_UNINITIALIZED_AUTOS = YES_AGGRESSIVE;
				GCC_WARN_UNUSED_FUNCTION = YES;
				GCC_WARN_UNUSED_VARIABLE = YES;
				IPHONEOS_DEPLOYMENT_TARGET = 9.3;
				MTL_ENABLE_DEBUG_INFO = NO;
				SDKROOT = iphoneos;
				TARGETED_DEVICE_FAMILY = "1,2";
				VALIDATE_PRODUCT = YES;
			};
			name = Release;
		};
		89E59A451D4B4E6900DBB7E0 /* Debug */ = {
			isa = XCBuildConfiguration;
			buildSettings = {
				ASSETCATALOG_COMPILER_APPICON_NAME = AppIcon;
				DEVELOPMENT_TEAM = ZHR3SCPQ6E;
				FRAMEWORK_SEARCH_PATHS = (
					"$(inherited)",
					"$(PROJECT_DIR)/LLBaiDuMapTool",
				);
				INFOPLIST_FILE = LLBaiDuMapTool/Info.plist;
				IPHONEOS_DEPLOYMENT_TARGET = 8.0;
				LD_RUNPATH_SEARCH_PATHS = "$(inherited) @executable_path/Frameworks";
				OTHER_LDFLAGS = "-ObjC";
				PRODUCT_BUNDLE_IDENTIFIER = com.lilongcnc.LLBaiDuMapTool;
				PRODUCT_NAME = "$(TARGET_NAME)";
			};
			name = Debug;
		};
		89E59A461D4B4E6900DBB7E0 /* Release */ = {
			isa = XCBuildConfiguration;
			buildSettings = {
				ASSETCATALOG_COMPILER_APPICON_NAME = AppIcon;
				DEVELOPMENT_TEAM = ZHR3SCPQ6E;
				FRAMEWORK_SEARCH_PATHS = (
					"$(inherited)",
					"$(PROJECT_DIR)/LLBaiDuMapTool",
				);
				INFOPLIST_FILE = LLBaiDuMapTool/Info.plist;
				IPHONEOS_DEPLOYMENT_TARGET = 8.0;
				LD_RUNPATH_SEARCH_PATHS = "$(inherited) @executable_path/Frameworks";
				OTHER_LDFLAGS = "-ObjC";
				PRODUCT_BUNDLE_IDENTIFIER = com.lilongcnc.LLBaiDuMapTool;
				PRODUCT_NAME = "$(TARGET_NAME)";
			};
			name = Release;
		};
		89E59A481D4B4E6900DBB7E0 /* Debug */ = {
			isa = XCBuildConfiguration;
			buildSettings = {
				BUNDLE_LOADER = "$(TEST_HOST)";
				INFOPLIST_FILE = LLBaiDuMapToolTests/Info.plist;
				LD_RUNPATH_SEARCH_PATHS = "$(inherited) @executable_path/Frameworks @loader_path/Frameworks";
				PRODUCT_BUNDLE_IDENTIFIER = com.lauren.LLBaiDuMapToolTests;
				PRODUCT_NAME = "$(TARGET_NAME)";
				TEST_HOST = "$(BUILT_PRODUCTS_DIR)/LLBaiDuMapTool.app/LLBaiDuMapTool";
			};
			name = Debug;
		};
		89E59A491D4B4E6900DBB7E0 /* Release */ = {
			isa = XCBuildConfiguration;
			buildSettings = {
				BUNDLE_LOADER = "$(TEST_HOST)";
				INFOPLIST_FILE = LLBaiDuMapToolTests/Info.plist;
				LD_RUNPATH_SEARCH_PATHS = "$(inherited) @executable_path/Frameworks @loader_path/Frameworks";
				PRODUCT_BUNDLE_IDENTIFIER = com.lauren.LLBaiDuMapToolTests;
				PRODUCT_NAME = "$(TARGET_NAME)";
				TEST_HOST = "$(BUILT_PRODUCTS_DIR)/LLBaiDuMapTool.app/LLBaiDuMapTool";
			};
			name = Release;
		};
		89E59A4B1D4B4E6900DBB7E0 /* Debug */ = {
			isa = XCBuildConfiguration;
			buildSettings = {
				INFOPLIST_FILE = LLBaiDuMapToolUITests/Info.plist;
				LD_RUNPATH_SEARCH_PATHS = "$(inherited) @executable_path/Frameworks @loader_path/Frameworks";
				PRODUCT_BUNDLE_IDENTIFIER = com.lauren.LLBaiDuMapToolUITests;
				PRODUCT_NAME = "$(TARGET_NAME)";
				TEST_TARGET_NAME = LLBaiDuMapTool;
			};
			name = Debug;
		};
		89E59A4C1D4B4E6900DBB7E0 /* Release */ = {
			isa = XCBuildConfiguration;
			buildSettings = {
				INFOPLIST_FILE = LLBaiDuMapToolUITests/Info.plist;
				LD_RUNPATH_SEARCH_PATHS = "$(inherited) @executable_path/Frameworks @loader_path/Frameworks";
				PRODUCT_BUNDLE_IDENTIFIER = com.lauren.LLBaiDuMapToolUITests;
				PRODUCT_NAME = "$(TARGET_NAME)";
				TEST_TARGET_NAME = LLBaiDuMapTool;
			};
			name = Release;
		};
/* End XCBuildConfiguration section */

/* Begin XCConfigurationList section */
		89E59A121D4B4E6900DBB7E0 /* Build configuration list for PBXProject "LLBaiDuMapTool" */ = {
			isa = XCConfigurationList;
			buildConfigurations = (
				89E59A421D4B4E6900DBB7E0 /* Debug */,
				89E59A431D4B4E6900DBB7E0 /* Release */,
			);
			defaultConfigurationIsVisible = 0;
			defaultConfigurationName = Release;
		};
		89E59A441D4B4E6900DBB7E0 /* Build configuration list for PBXNativeTarget "LLBaiDuMapTool" */ = {
			isa = XCConfigurationList;
			buildConfigurations = (
				89E59A451D4B4E6900DBB7E0 /* Debug */,
				89E59A461D4B4E6900DBB7E0 /* Release */,
			);
			defaultConfigurationIsVisible = 0;
			defaultConfigurationName = Release;
		};
		89E59A471D4B4E6900DBB7E0 /* Build configuration list for PBXNativeTarget "LLBaiDuMapToolTests" */ = {
			isa = XCConfigurationList;
			buildConfigurations = (
				89E59A481D4B4E6900DBB7E0 /* Debug */,
				89E59A491D4B4E6900DBB7E0 /* Release */,
			);
			defaultConfigurationIsVisible = 0;
			defaultConfigurationName = Release;
		};
		89E59A4A1D4B4E6900DBB7E0 /* Build configuration list for PBXNativeTarget "LLBaiDuMapToolUITests" */ = {
			isa = XCConfigurationList;
			buildConfigurations = (
				89E59A4B1D4B4E6900DBB7E0 /* Debug */,
				89E59A4C1D4B4E6900DBB7E0 /* Release */,
			);
			defaultConfigurationIsVisible = 0;
			defaultConfigurationName = Release;
		};
/* End XCConfigurationList section */
	};
	rootObject = 89E59A0F1D4B4E6900DBB7E0 /* Project object */;
}
